// !$*UTF8*$!
{
	archiveVersion = 1;
	classes = {
	};
	objectVersion = 56;
	objects = {

/* Begin PBXBuildFile section */
		036F90952C8D05480076AEDC /* StreetViewComposer.swift in Sources */ = {isa = PBXBuildFile; fileRef = 036F90942C8D05480076AEDC /* StreetViewComposer.swift */; };
		036F90972C8D065F0076AEDC /* GoogleMaps.swift in Sources */ = {isa = PBXBuildFile; fileRef = 036F90962C8D065F0076AEDC /* GoogleMaps.swift */; };
		036F90992C8D3ACF0076AEDC /* Extension.swift in Sources */ = {isa = PBXBuildFile; fileRef = 036F90982C8D3ACF0076AEDC /* Extension.swift */; };
		036F909B2C8D6E540076AEDC /* EnvironmentView.swift in Sources */ = {isa = PBXBuildFile; fileRef = 036F909A2C8D6E540076AEDC /* EnvironmentView.swift */; };
		036F90DD2C9150990076AEDC /* LocationService.swift in Sources */ = {isa = PBXBuildFile; fileRef = 036F90DC2C9150990076AEDC /* LocationService.swift */; };
		036F90E42C91564E0076AEDC /* SheetView.swift in Sources */ = {isa = PBXBuildFile; fileRef = 036F90E32C91564E0076AEDC /* SheetView.swift */; };
		03C23E1B2C8C1C8700EE24BA /* RealityKitContent in Frameworks */ = {isa = PBXBuildFile; productRef = 03C23E1A2C8C1C8700EE24BA /* RealityKitContent */; };
		03C23E1D2C8C1C8700EE24BA /* TeleportApp.swift in Sources */ = {isa = PBXBuildFile; fileRef = 03C23E1C2C8C1C8700EE24BA /* TeleportApp.swift */; };
		03C23E1F2C8C1C8700EE24BA /* TeleportView.swift in Sources */ = {isa = PBXBuildFile; fileRef = 03C23E1E2C8C1C8700EE24BA /* TeleportView.swift */; };
		03C23E212C8C1C8900EE24BA /* Assets.xcassets in Resources */ = {isa = PBXBuildFile; fileRef = 03C23E202C8C1C8900EE24BA /* Assets.xcassets */; };
		03C23E242C8C1C8900EE24BA /* Preview Assets.xcassets in Resources */ = {isa = PBXBuildFile; fileRef = 03C23E232C8C1C8900EE24BA /* Preview Assets.xcassets */; };
		03C23E2F2C8C1C8900EE24BA /* TeleportTests.swift in Sources */ = {isa = PBXBuildFile; fileRef = 03C23E2E2C8C1C8900EE24BA /* TeleportTests.swift */; };
		03C23E392C8C1F1B00EE24BA /* MapView.swift in Sources */ = {isa = PBXBuildFile; fileRef = 03C23E382C8C1F1B00EE24BA /* MapView.swift */; };
/* End PBXBuildFile section */

/* Begin PBXContainerItemProxy section */
		03C23E2B2C8C1C8900EE24BA /* PBXContainerItemProxy */ = {
			isa = PBXContainerItemProxy;
			containerPortal = 03C23E0D2C8C1C8700EE24BA /* Project object */;
			proxyType = 1;
			remoteGlobalIDString = 03C23E142C8C1C8700EE24BA;
			remoteInfo = Teleport;
		};
/* End PBXContainerItemProxy section */

/* Begin PBXFileReference section */
		036F90942C8D05480076AEDC /* StreetViewComposer.swift */ = {isa = PBXFileReference; lastKnownFileType = sourcecode.swift; path = StreetViewComposer.swift; sourceTree = "<group>"; };
		036F90962C8D065F0076AEDC /* GoogleMaps.swift */ = {isa = PBXFileReference; lastKnownFileType = sourcecode.swift; path = GoogleMaps.swift; sourceTree = "<group>"; };
		036F90982C8D3ACF0076AEDC /* Extension.swift */ = {isa = PBXFileReference; lastKnownFileType = sourcecode.swift; path = Extension.swift; sourceTree = "<group>"; };
		036F909A2C8D6E540076AEDC /* EnvironmentView.swift */ = {isa = PBXFileReference; lastKnownFileType = sourcecode.swift; path = EnvironmentView.swift; sourceTree = "<group>"; };
		036F90DC2C9150990076AEDC /* LocationService.swift */ = {isa = PBXFileReference; lastKnownFileType = sourcecode.swift; path = LocationService.swift; sourceTree = "<group>"; };
		036F90E32C91564E0076AEDC /* SheetView.swift */ = {isa = PBXFileReference; lastKnownFileType = sourcecode.swift; path = SheetView.swift; sourceTree = "<group>"; };
		03C23E152C8C1C8700EE24BA /* Teleport.app */ = {isa = PBXFileReference; explicitFileType = wrapper.application; includeInIndex = 0; path = Teleport.app; sourceTree = BUILT_PRODUCTS_DIR; };
		03C23E192C8C1C8700EE24BA /* RealityKitContent */ = {isa = PBXFileReference; lastKnownFileType = wrapper; path = RealityKitContent; sourceTree = "<group>"; };
		03C23E1C2C8C1C8700EE24BA /* TeleportApp.swift */ = {isa = PBXFileReference; lastKnownFileType = sourcecode.swift; path = TeleportApp.swift; sourceTree = "<group>"; };
		03C23E1E2C8C1C8700EE24BA /* TeleportView.swift */ = {isa = PBXFileReference; lastKnownFileType = sourcecode.swift; path = TeleportView.swift; sourceTree = "<group>"; };
		03C23E202C8C1C8900EE24BA /* Assets.xcassets */ = {isa = PBXFileReference; lastKnownFileType = folder.assetcatalog; path = Assets.xcassets; sourceTree = "<group>"; };
		03C23E232C8C1C8900EE24BA /* Preview Assets.xcassets */ = {isa = PBXFileReference; lastKnownFileType = folder.assetcatalog; path = "Preview Assets.xcassets"; sourceTree = "<group>"; };
		03C23E252C8C1C8900EE24BA /* Info.plist */ = {isa = PBXFileReference; lastKnownFileType = text.plist.xml; path = Info.plist; sourceTree = "<group>"; };
		03C23E2A2C8C1C8900EE24BA /* TeleportTests.xctest */ = {isa = PBXFileReference; explicitFileType = wrapper.cfbundle; includeInIndex = 0; path = TeleportTests.xctest; sourceTree = BUILT_PRODUCTS_DIR; };
		03C23E2E2C8C1C8900EE24BA /* TeleportTests.swift */ = {isa = PBXFileReference; lastKnownFileType = sourcecode.swift; path = TeleportTests.swift; sourceTree = "<group>"; };
		03C23E382C8C1F1B00EE24BA /* MapView.swift */ = {isa = PBXFileReference; lastKnownFileType = sourcecode.swift; path = MapView.swift; sourceTree = "<group>"; };
/* End PBXFileReference section */

/* Begin PBXFrameworksBuildPhase section */
		03C23E122C8C1C8700EE24BA /* Frameworks */ = {
			isa = PBXFrameworksBuildPhase;
			buildActionMask = 2147483647;
			files = (
				03C23E1B2C8C1C8700EE24BA /* RealityKitContent in Frameworks */,
			);
			runOnlyForDeploymentPostprocessing = 0;
		};
		03C23E272C8C1C8900EE24BA /* Frameworks */ = {
			isa = PBXFrameworksBuildPhase;
			buildActionMask = 2147483647;
			files = (
			);
			runOnlyForDeploymentPostprocessing = 0;
		};
/* End PBXFrameworksBuildPhase section */

/* Begin PBXGroup section */
		036F90DE2C9150A00076AEDC /* View */ = {
			isa = PBXGroup;
			children = (
				03C23E1E2C8C1C8700EE24BA /* TeleportView.swift */,
				036F909A2C8D6E540076AEDC /* EnvironmentView.swift */,
				03C23E382C8C1F1B00EE24BA /* MapView.swift */,
				036F90E32C91564E0076AEDC /* SheetView.swift */,
			);
			path = View;
			sourceTree = "<group>";
		};
		036F90E12C9150CC0076AEDC /* Model */ = {
			isa = PBXGroup;
			children = (
				036F90942C8D05480076AEDC /* StreetViewComposer.swift */,
				036F90962C8D065F0076AEDC /* GoogleMaps.swift */,
				036F90DC2C9150990076AEDC /* LocationService.swift */,
			);
			path = Model;
			sourceTree = "<group>";
		};
		036F90E22C9151970076AEDC /* Extension */ = {
			isa = PBXGroup;
			children = (
				036F90982C8D3ACF0076AEDC /* Extension.swift */,
			);
			path = Extension;
			sourceTree = "<group>";
		};
		03C23E0C2C8C1C8700EE24BA = {
			isa = PBXGroup;
			children = (
				03C23E172C8C1C8700EE24BA /* Teleport */,
				03C23E182C8C1C8700EE24BA /* Packages */,
				03C23E2D2C8C1C8900EE24BA /* TeleportTests */,
				03C23E162C8C1C8700EE24BA /* Products */,
			);
			sourceTree = "<group>";
		};
		03C23E162C8C1C8700EE24BA /* Products */ = {
			isa = PBXGroup;
			children = (
				03C23E152C8C1C8700EE24BA /* Teleport.app */,
				03C23E2A2C8C1C8900EE24BA /* TeleportTests.xctest */,
			);
			name = Products;
			sourceTree = "<group>";
		};
		03C23E172C8C1C8700EE24BA /* Teleport */ = {
			isa = PBXGroup;
			children = (
				03C23E1C2C8C1C8700EE24BA /* TeleportApp.swift */,
				036F90DE2C9150A00076AEDC /* View */,
				036F90E12C9150CC0076AEDC /* Model */,
				036F90E22C9151970076AEDC /* Extension */,
				03C23E202C8C1C8900EE24BA /* Assets.xcassets */,
				03C23E252C8C1C8900EE24BA /* Info.plist */,
				03C23E222C8C1C8900EE24BA /* Preview Content */,
			);
			path = Teleport;
			sourceTree = "<group>";
		};
		03C23E182C8C1C8700EE24BA /* Packages */ = {
			isa = PBXGroup;
			children = (
				03C23E192C8C1C8700EE24BA /* RealityKitContent */,
			);
			path = Packages;
			sourceTree = "<group>";
		};
		03C23E222C8C1C8900EE24BA /* Preview Content */ = {
			isa = PBXGroup;
			children = (
				03C23E232C8C1C8900EE24BA /* Preview Assets.xcassets */,
			);
			path = "Preview Content";
			sourceTree = "<group>";
		};
		03C23E2D2C8C1C8900EE24BA /* TeleportTests */ = {
			isa = PBXGroup;
			children = (
				03C23E2E2C8C1C8900EE24BA /* TeleportTests.swift */,
			);
			path = TeleportTests;
			sourceTree = "<group>";
		};
/* End PBXGroup section */

/* Begin PBXNativeTarget section */
		03C23E142C8C1C8700EE24BA /* Teleport */ = {
			isa = PBXNativeTarget;
			buildConfigurationList = 03C23E322C8C1C8900EE24BA /* Build configuration list for PBXNativeTarget "Teleport" */;
			buildPhases = (
				03C23E112C8C1C8700EE24BA /* Sources */,
				03C23E122C8C1C8700EE24BA /* Frameworks */,
				03C23E132C8C1C8700EE24BA /* Resources */,
			);
			buildRules = (
			);
			dependencies = (
			);
			name = Teleport;
			packageProductDependencies = (
				03C23E1A2C8C1C8700EE24BA /* RealityKitContent */,
			);
			productName = Teleport;
			productReference = 03C23E152C8C1C8700EE24BA /* Teleport.app */;
			productType = "com.apple.product-type.application";
		};
		03C23E292C8C1C8900EE24BA /* TeleportTests */ = {
			isa = PBXNativeTarget;
			buildConfigurationList = 03C23E352C8C1C8900EE24BA /* Build configuration list for PBXNativeTarget "TeleportTests" */;
			buildPhases = (
				03C23E262C8C1C8900EE24BA /* Sources */,
				03C23E272C8C1C8900EE24BA /* Frameworks */,
				03C23E282C8C1C8900EE24BA /* Resources */,
			);
			buildRules = (
			);
			dependencies = (
				03C23E2C2C8C1C8900EE24BA /* PBXTargetDependency */,
			);
			name = TeleportTests;
			productName = TeleportTests;
			productReference = 03C23E2A2C8C1C8900EE24BA /* TeleportTests.xctest */;
			productType = "com.apple.product-type.bundle.unit-test";
		};
/* End PBXNativeTarget section */

/* Begin PBXProject section */
		03C23E0D2C8C1C8700EE24BA /* Project object */ = {
			isa = PBXProject;
			attributes = {
				BuildIndependentTargetsInParallel = 1;
				LastSwiftUpdateCheck = 1540;
				LastUpgradeCheck = 1540;
				TargetAttributes = {
					03C23E142C8C1C8700EE24BA = {
						CreatedOnToolsVersion = 15.4;
					};
					03C23E292C8C1C8900EE24BA = {
						CreatedOnToolsVersion = 15.4;
						TestTargetID = 03C23E142C8C1C8700EE24BA;
					};
				};
			};
			buildConfigurationList = 03C23E102C8C1C8700EE24BA /* Build configuration list for PBXProject "Teleport" */;
			compatibilityVersion = "Xcode 14.0";
			developmentRegion = en;
			hasScannedForEncodings = 0;
			knownRegions = (
				en,
				Base,
			);
			mainGroup = 03C23E0C2C8C1C8700EE24BA;
			productRefGroup = 03C23E162C8C1C8700EE24BA /* Products */;
			projectDirPath = "";
			projectRoot = "";
			targets = (
				03C23E142C8C1C8700EE24BA /* Teleport */,
				03C23E292C8C1C8900EE24BA /* TeleportTests */,
			);
		};
/* End PBXProject section */

/* Begin PBXResourcesBuildPhase section */
		03C23E132C8C1C8700EE24BA /* Resources */ = {
			isa = PBXResourcesBuildPhase;
			buildActionMask = 2147483647;
			files = (
				03C23E242C8C1C8900EE24BA /* Preview Assets.xcassets in Resources */,
				03C23E212C8C1C8900EE24BA /* Assets.xcassets in Resources */,
			);
			runOnlyForDeploymentPostprocessing = 0;
		};
		03C23E282C8C1C8900EE24BA /* Resources */ = {
			isa = PBXResourcesBuildPhase;
			buildActionMask = 2147483647;
			files = (
			);
			runOnlyForDeploymentPostprocessing = 0;
		};
/* End PBXResourcesBuildPhase section */

/* Begin PBXSourcesBuildPhase section */
		03C23E112C8C1C8700EE24BA /* Sources */ = {
			isa = PBXSourcesBuildPhase;
			buildActionMask = 2147483647;
			files = (
				036F90972C8D065F0076AEDC /* GoogleMaps.swift in Sources */,
				036F90E42C91564E0076AEDC /* SheetView.swift in Sources */,
				03C23E1F2C8C1C8700EE24BA /* TeleportView.swift in Sources */,
				036F90DD2C9150990076AEDC /* LocationService.swift in Sources */,
				036F909B2C8D6E540076AEDC /* EnvironmentView.swift in Sources */,
				036F90952C8D05480076AEDC /* StreetViewComposer.swift in Sources */,
				036F90992C8D3ACF0076AEDC /* Extension.swift in Sources */,
				03C23E392C8C1F1B00EE24BA /* MapView.swift in Sources */,
				03C23E1D2C8C1C8700EE24BA /* TeleportApp.swift in Sources */,
			);
			runOnlyForDeploymentPostprocessing = 0;
		};
		03C23E262C8C1C8900EE24BA /* Sources */ = {
			isa = PBXSourcesBuildPhase;
			buildActionMask = 2147483647;
			files = (
				03C23E2F2C8C1C8900EE24BA /* TeleportTests.swift in Sources */,
			);
			runOnlyForDeploymentPostprocessing = 0;
		};
/* End PBXSourcesBuildPhase section */

/* Begin PBXTargetDependency section */
		03C23E2C2C8C1C8900EE24BA /* PBXTargetDependency */ = {
			isa = PBXTargetDependency;
			target = 03C23E142C8C1C8700EE24BA /* Teleport */;
			targetProxy = 03C23E2B2C8C1C8900EE24BA /* PBXContainerItemProxy */;
		};
/* End PBXTargetDependency section */

/* Begin XCBuildConfiguration section */
		03C23E302C8C1C8900EE24BA /* Debug */ = {
			isa = XCBuildConfiguration;
			buildSettings = {
				ALWAYS_SEARCH_USER_PATHS = NO;
				ASSETCATALOG_COMPILER_GENERATE_SWIFT_ASSET_SYMBOL_EXTENSIONS = YES;
				CLANG_ANALYZER_NONNULL = YES;
				CLANG_ANALYZER_NUMBER_OBJECT_CONVERSION = YES_AGGRESSIVE;
				CLANG_CXX_LANGUAGE_STANDARD = "gnu++20";
				CLANG_ENABLE_MODULES = YES;
				CLANG_ENABLE_OBJC_ARC = YES;
				CLANG_ENABLE_OBJC_WEAK = YES;
				CLANG_WARN_BLOCK_CAPTURE_AUTORELEASING = YES;
				CLANG_WARN_BOOL_CONVERSION = YES;
				CLANG_WARN_COMMA = YES;
				CLANG_WARN_CONSTANT_CONVERSION = YES;
				CLANG_WARN_DEPRECATED_OBJC_IMPLEMENTATIONS = YES;
				CLANG_WARN_DIRECT_OBJC_ISA_USAGE = YES_ERROR;
				CLANG_WARN_DOCUMENTATION_COMMENTS = YES;
				CLANG_WARN_EMPTY_BODY = YES;
				CLANG_WARN_ENUM_CONVERSION = YES;
				CLANG_WARN_INFINITE_RECURSION = YES;
				CLANG_WARN_INT_CONVERSION = YES;
				CLANG_WARN_NON_LITERAL_NULL_CONVERSION = YES;
				CLANG_WARN_OBJC_IMPLICIT_RETAIN_SELF = YES;
				CLANG_WARN_OBJC_LITERAL_CONVERSION = YES;
				CLANG_WARN_OBJC_ROOT_CLASS = YES_ERROR;
				CLANG_WARN_QUOTED_INCLUDE_IN_FRAMEWORK_HEADER = YES;
				CLANG_WARN_RANGE_LOOP_ANALYSIS = YES;
				CLANG_WARN_STRICT_PROTOTYPES = YES;
				CLANG_WARN_SUSPICIOUS_MOVE = YES;
				CLANG_WARN_UNGUARDED_AVAILABILITY = YES_AGGRESSIVE;
				CLANG_WARN_UNREACHABLE_CODE = YES;
				CLANG_WARN__DUPLICATE_METHOD_MATCH = YES;
				COPY_PHASE_STRIP = NO;
				DEBUG_INFORMATION_FORMAT = dwarf;
				ENABLE_STRICT_OBJC_MSGSEND = YES;
				ENABLE_TESTABILITY = YES;
				ENABLE_USER_SCRIPT_SANDBOXING = YES;
				GCC_C_LANGUAGE_STANDARD = gnu17;
				GCC_DYNAMIC_NO_PIC = NO;
				GCC_NO_COMMON_BLOCKS = YES;
				GCC_OPTIMIZATION_LEVEL = 0;
				GCC_PREPROCESSOR_DEFINITIONS = (
					"DEBUG=1",
					"$(inherited)",
				);
				GCC_WARN_64_TO_32_BIT_CONVERSION = YES;
				GCC_WARN_ABOUT_RETURN_TYPE = YES_ERROR;
				GCC_WARN_UNDECLARED_SELECTOR = YES;
				GCC_WARN_UNINITIALIZED_AUTOS = YES_AGGRESSIVE;
				GCC_WARN_UNUSED_FUNCTION = YES;
				GCC_WARN_UNUSED_VARIABLE = YES;
				LOCALIZATION_PREFERS_STRING_CATALOGS = YES;
				MTL_ENABLE_DEBUG_INFO = INCLUDE_SOURCE;
				MTL_FAST_MATH = YES;
				ONLY_ACTIVE_ARCH = YES;
				SDKROOT = xros;
				SWIFT_ACTIVE_COMPILATION_CONDITIONS = "DEBUG $(inherited)";
				SWIFT_OPTIMIZATION_LEVEL = "-Onone";
				XROS_DEPLOYMENT_TARGET = 1.2;
			};
			name = Debug;
		};
		03C23E312C8C1C8900EE24BA /* Release */ = {
			isa = XCBuildConfiguration;
			buildSettings = {
				ALWAYS_SEARCH_USER_PATHS = NO;
				ASSETCATALOG_COMPILER_GENERATE_SWIFT_ASSET_SYMBOL_EXTENSIONS = YES;
				CLANG_ANALYZER_NONNULL = YES;
				CLANG_ANALYZER_NUMBER_OBJECT_CONVERSION = YES_AGGRESSIVE;
				CLANG_CXX_LANGUAGE_STANDARD = "gnu++20";
				CLANG_ENABLE_MODULES = YES;
				CLANG_ENABLE_OBJC_ARC = YES;
				CLANG_ENABLE_OBJC_WEAK = YES;
				CLANG_WARN_BLOCK_CAPTURE_AUTORELEASING = YES;
				CLANG_WARN_BOOL_CONVERSION = YES;
				CLANG_WARN_COMMA = YES;
				CLANG_WARN_CONSTANT_CONVERSION = YES;
				CLANG_WARN_DEPRECATED_OBJC_IMPLEMENTATIONS = YES;
				CLANG_WARN_DIRECT_OBJC_ISA_USAGE = YES_ERROR;
				CLANG_WARN_DOCUMENTATION_COMMENTS = YES;
				CLANG_WARN_EMPTY_BODY = YES;
				CLANG_WARN_ENUM_CONVERSION = YES;
				CLANG_WARN_INFINITE_RECURSION = YES;
				CLANG_WARN_INT_CONVERSION = YES;
				CLANG_WARN_NON_LITERAL_NULL_CONVERSION = YES;
				CLANG_WARN_OBJC_IMPLICIT_RETAIN_SELF = YES;
				CLANG_WARN_OBJC_LITERAL_CONVERSION = YES;
				CLANG_WARN_OBJC_ROOT_CLASS = YES_ERROR;
				CLANG_WARN_QUOTED_INCLUDE_IN_FRAMEWORK_HEADER = YES;
				CLANG_WARN_RANGE_LOOP_ANALYSIS = YES;
				CLANG_WARN_STRICT_PROTOTYPES = YES;
				CLANG_WARN_SUSPICIOUS_MOVE = YES;
				CLANG_WARN_UNGUARDED_AVAILABILITY = YES_AGGRESSIVE;
				CLANG_WARN_UNREACHABLE_CODE = YES;
				CLANG_WARN__DUPLICATE_METHOD_MATCH = YES;
				COPY_PHASE_STRIP = NO;
				DEBUG_INFORMATION_FORMAT = "dwarf-with-dsym";
				ENABLE_NS_ASSERTIONS = NO;
				ENABLE_STRICT_OBJC_MSGSEND = YES;
				ENABLE_USER_SCRIPT_SANDBOXING = YES;
				GCC_C_LANGUAGE_STANDARD = gnu17;
				GCC_NO_COMMON_BLOCKS = YES;
				GCC_WARN_64_TO_32_BIT_CONVERSION = YES;
				GCC_WARN_ABOUT_RETURN_TYPE = YES_ERROR;
				GCC_WARN_UNDECLARED_SELECTOR = YES;
				GCC_WARN_UNINITIALIZED_AUTOS = YES_AGGRESSIVE;
				GCC_WARN_UNUSED_FUNCTION = YES;
				GCC_WARN_UNUSED_VARIABLE = YES;
				LOCALIZATION_PREFERS_STRING_CATALOGS = YES;
				MTL_ENABLE_DEBUG_INFO = NO;
				MTL_FAST_MATH = YES;
				SDKROOT = xros;
				SWIFT_COMPILATION_MODE = wholemodule;
				VALIDATE_PRODUCT = YES;
				XROS_DEPLOYMENT_TARGET = 1.2;
			};
			name = Release;
		};
		03C23E332C8C1C8900EE24BA /* Debug */ = {
			isa = XCBuildConfiguration;
			buildSettings = {
				ASSETCATALOG_COMPILER_APPICON_NAME = AppIcon;
				ASSETCATALOG_COMPILER_GLOBAL_ACCENT_COLOR_NAME = AccentColor;
				CODE_SIGN_STYLE = Automatic;
				CURRENT_PROJECT_VERSION = 1;
				DEVELOPMENT_ASSET_PATHS = "\"Teleport/Preview Content\"";
				DEVELOPMENT_TEAM = 3WYLUPPDAG;
				ENABLE_PREVIEWS = YES;
				GENERATE_INFOPLIST_FILE = YES;
				INFOPLIST_FILE = "$(TARGET_NAME)/Info.plist";
				LD_RUNPATH_SEARCH_PATHS = (
					"$(inherited)",
					"@executable_path/Frameworks",
				);
				MARKETING_VERSION = 1.0;
				PRODUCT_BUNDLE_IDENTIFIER = com.garry.Teleport;
				PRODUCT_NAME = "$(TARGET_NAME)";
				SUPPORTED_PLATFORMS = "xros xrsimulator";
				SWIFT_EMIT_LOC_STRINGS = YES;
				SWIFT_VERSION = 5.0;
				TARGETED_DEVICE_FAMILY = "1,2,7";
			};
			name = Debug;
		};
		03C23E342C8C1C8900EE24BA /* Release */ = {
			isa = XCBuildConfiguration;
			buildSettings = {
				ASSETCATALOG_COMPILER_APPICON_NAME = AppIcon;
				ASSETCATALOG_COMPILER_GLOBAL_ACCENT_COLOR_NAME = AccentColor;
				CODE_SIGN_STYLE = Automatic;
				CURRENT_PROJECT_VERSION = 1;
				DEVELOPMENT_ASSET_PATHS = "\"Teleport/Preview Content\"";
				DEVELOPMENT_TEAM = 3WYLUPPDAG;
				ENABLE_PREVIEWS = YES;
				GENERATE_INFOPLIST_FILE = YES;
				INFOPLIST_FILE = "$(TARGET_NAME)/Info.plist";
				LD_RUNPATH_SEARCH_PATHS = (
					"$(inherited)",
					"@executable_path/Frameworks",
				);
				MARKETING_VERSION = 1.0;
				PRODUCT_BUNDLE_IDENTIFIER = com.garry.Teleport;
				PRODUCT_NAME = "$(TARGET_NAME)";
				SUPPORTED_PLATFORMS = "xros xrsimulator";
				SWIFT_EMIT_LOC_STRINGS = YES;
				SWIFT_VERSION = 5.0;
				TARGETED_DEVICE_FAMILY = "1,2,7";
			};
			name = Release;
		};
		03C23E362C8C1C8900EE24BA /* Debug */ = {
			isa = XCBuildConfiguration;
			buildSettings = {
				ALWAYS_EMBED_SWIFT_STANDARD_LIBRARIES = YES;
				BUNDLE_LOADER = "$(TEST_HOST)";
				CODE_SIGN_STYLE = Automatic;
				CURRENT_PROJECT_VERSION = 1;
				DEVELOPMENT_TEAM = 3WYLUPPDAG;
				GENERATE_INFOPLIST_FILE = YES;
				MARKETING_VERSION = 1.0;
				PRODUCT_BUNDLE_IDENTIFIER = com.garry.TeleportTests;
				PRODUCT_NAME = "$(TARGET_NAME)";
				SUPPORTED_PLATFORMS = "xros xrsimulator";
				SWIFT_EMIT_LOC_STRINGS = NO;
				SWIFT_VERSION = 5.0;
				TARGETED_DEVICE_FAMILY = "1,2,7";
				TEST_HOST = "$(BUILT_PRODUCTS_DIR)/Teleport.app/$(BUNDLE_EXECUTABLE_FOLDER_PATH)/Teleport";
				XROS_DEPLOYMENT_TARGET = 1.2;
			};
			name = Debug;
		};
		03C23E372C8C1C8900EE24BA /* Release */ = {
			isa = XCBuildConfiguration;
			buildSettings = {
				ALWAYS_EMBED_SWIFT_STANDARD_LIBRARIES = YES;
				BUNDLE_LOADER = "$(TEST_HOST)";
				CODE_SIGN_STYLE = Automatic;
				CURRENT_PROJECT_VERSION = 1;
				DEVELOPMENT_TEAM = 3WYLUPPDAG;
				GENERATE_INFOPLIST_FILE = YES;
				MARKETING_VERSION = 1.0;
				PRODUCT_BUNDLE_IDENTIFIER = com.garry.TeleportTests;
				PRODUCT_NAME = "$(TARGET_NAME)";
				SUPPORTED_PLATFORMS = "xros xrsimulator";
				SWIFT_EMIT_LOC_STRINGS = NO;
				SWIFT_VERSION = 5.0;
				TARGETED_DEVICE_FAMILY = "1,2,7";
				TEST_HOST = "$(BUILT_PRODUCTS_DIR)/Teleport.app/$(BUNDLE_EXECUTABLE_FOLDER_PATH)/Teleport";
				XROS_DEPLOYMENT_TARGET = 1.2;
			};
			name = Release;
		};
/* End XCBuildConfiguration section */

/* Begin XCConfigurationList section */
		03C23E102C8C1C8700EE24BA /* Build configuration list for PBXProject "Teleport" */ = {
			isa = XCConfigurationList;
			buildConfigurations = (
				03C23E302C8C1C8900EE24BA /* Debug */,
				03C23E312C8C1C8900EE24BA /* Release */,
			);
			defaultConfigurationIsVisible = 0;
			defaultConfigurationName = Release;
		};
		03C23E322C8C1C8900EE24BA /* Build configuration list for PBXNativeTarget "Teleport" */ = {
			isa = XCConfigurationList;
			buildConfigurations = (
				03C23E332C8C1C8900EE24BA /* Debug */,
				03C23E342C8C1C8900EE24BA /* Release */,
			);
			defaultConfigurationIsVisible = 0;
			defaultConfigurationName = Release;
		};
		03C23E352C8C1C8900EE24BA /* Build configuration list for PBXNativeTarget "TeleportTests" */ = {
			isa = XCConfigurationList;
			buildConfigurations = (
				03C23E362C8C1C8900EE24BA /* Debug */,
				03C23E372C8C1C8900EE24BA /* Release */,
			);
			defaultConfigurationIsVisible = 0;
			defaultConfigurationName = Release;
		};
/* End XCConfigurationList section */

/* Begin XCSwiftPackageProductDependency section */
		03C23E1A2C8C1C8700EE24BA /* RealityKitContent */ = {
			isa = XCSwiftPackageProductDependency;
			productName = RealityKitContent;
		};
/* End XCSwiftPackageProductDependency section */
	};
	rootObject = 03C23E0D2C8C1C8700EE24BA /* Project object */;
}
